
Microsoft Visual Studio Solution File, Format Version 12.00
# Visual Studio Version 16
VisualStudioVersion = 16.0.31112.23
MinimumVisualStudioVersion = 10.0.40219.1
Project("{8BC9CEB8-8B4A-11D0-8D11-00A0C91BC942}") = "parallel-counter", "parallel-counter\parallel-counter.vcxproj", "{AC8FC35A-931B-4485-93E4-54ADF2DD9B86}"
EndProject
Global
	GlobalSection(SolutionConfigurationPlatforms) = preSolution
		Debug|x64 = Debug|x64
		Debug|x86 = Debug|x86
		Release|x64 = Release|x64
		Release|x86 = Release|x86
	EndGlobalSection
	GlobalSection(ProjectConfigurationPlatforms) = postSolution
		{AC8FC35A-931B-4485-93E4-54ADF2DD9B86}.Debug|x64.ActiveCfg = Debug|x64
		{AC8FC35A-931B-4485-93E4-54ADF2DD9B86}.Debug|x64.Build.0 = Debug|x64
		{AC8FC35A-931B-4485-93E4-54ADF2DD9B86}.Debug|x86.ActiveCfg = Debug|Win32
		{AC8FC35A-931B-4485-93E4-54ADF2DD9B86}.Debug|x86.Build.0 = Debug|Win32
		{AC8FC35A-931B-4485-93E4-54ADF2DD9B86}.Release|x64.ActiveCfg = Release|x64
		{AC8FC35A-931B-4485-93E4-54ADF2DD9B86}.Release|x64.Build.0 = Release|x64
		{AC8FC35A-931B-4485-93E4-54ADF2DD9B86}.Release|x86.ActiveCfg = Release|Win32
		{AC8FC35A-931B-4485-93E4-54ADF2DD9B86}.Release|x86.Build.0 = Release|Win32
	EndGlobalSection
	GlobalSection(SolutionProperties) = preSolution
		HideSolutionNode = FALSE
	EndGlobalSection
	GlobalSection(ExtensibilityGlobals) = postSolution
		SolutionGuid = {389593B7-29D0-4013-9F4D-3C9A2D7ACA43}
	EndGlobalSection
EndGlobal
